// !$*UTF8*$!
{
	archiveVersion = 1;
	classes = {
	};
	objectVersion = 48;
	objects = {

/* Begin PBXBuildFile section */
		2CC269DC20356DF900942528 /* AppDelegate.swift in Sources */ = {isa = PBXBuildFile; fileRef = 2CC269DB20356DF900942528 /* AppDelegate.swift */; };
		2CC269DE20356DF900942528 /* ViewController.swift in Sources */ = {isa = PBXBuildFile; fileRef = 2CC269DD20356DF900942528 /* ViewController.swift */; };
		2CC269E120356DF900942528 /* Main.storyboard in Resources */ = {isa = PBXBuildFile; fileRef = 2CC269DF20356DF900942528 /* Main.storyboard */; };
		2CC269E320356DF900942528 /* Assets.xcassets in Resources */ = {isa = PBXBuildFile; fileRef = 2CC269E220356DF900942528 /* Assets.xcassets */; };
		2CC269E620356DF900942528 /* LaunchScreen.storyboard in Resources */ = {isa = PBXBuildFile; fileRef = 2CC269E420356DF900942528 /* LaunchScreen.storyboard */; };
		2CC269F120356DF900942528 /* MyMapsTests.swift in Sources */ = {isa = PBXBuildFile; fileRef = 2CC269F020356DF900942528 /* MyMapsTests.swift */; };
		2CC269FC20356DF900942528 /* MyMapsUITests.swift in Sources */ = {isa = PBXBuildFile; fileRef = 2CC269FB20356DF900942528 /* MyMapsUITests.swift */; };
/* End PBXBuildFile section */

/* Begin PBXContainerItemProxy section */
		2CC269ED20356DF900942528 /* PBXContainerItemProxy */ = {
			isa = PBXContainerItemProxy;
			containerPortal = 2CC269D020356DF900942528 /* Project object */;
			proxyType = 1;
			remoteGlobalIDString = 2CC269D720356DF900942528;
			remoteInfo = MyMaps;
		};
		2CC269F820356DF900942528 /* PBXContainerItemProxy */ = {
			isa = PBXContainerItemProxy;
			containerPortal = 2CC269D020356DF900942528 /* Project object */;
			proxyType = 1;
			remoteGlobalIDString = 2CC269D720356DF900942528;
			remoteInfo = MyMaps;
		};
/* End PBXContainerItemProxy section */

/* Begin PBXFileReference section */
		2CC269D820356DF900942528 /* MyMaps.app */ = {isa = PBXFileReference; explicitFileType = wrapper.application; includeInIndex = 0; path = MyMaps.app; sourceTree = BUILT_PRODUCTS_DIR; };
		2CC269DB20356DF900942528 /* AppDelegate.swift */ = {isa = PBXFileReference; lastKnownFileType = sourcecode.swift; path = AppDelegate.swift; sourceTree = "<group>"; };
		2CC269DD20356DF900942528 /* ViewController.swift */ = {isa = PBXFileReference; lastKnownFileType = sourcecode.swift; path = ViewController.swift; sourceTree = "<group>"; };
		2CC269E020356DF900942528 /* Base */ = {isa = PBXFileReference; lastKnownFileType = file.storyboard; name = Base; path = Base.lproj/Main.storyboard; sourceTree = "<group>"; };
		2CC269E220356DF900942528 /* Assets.xcassets */ = {isa = PBXFileReference; lastKnownFileType = folder.assetcatalog; path = Assets.xcassets; sourceTree = "<group>"; };
		2CC269E520356DF900942528 /* Base */ = {isa = PBXFileReference; lastKnownFileType = file.storyboard; name = Base; path = Base.lproj/LaunchScreen.storyboard; sourceTree = "<group>"; };
		2CC269E720356DF900942528 /* Info.plist */ = {isa = PBXFileReference; lastKnownFileType = text.plist.xml; path = Info.plist; sourceTree = "<group>"; };
		2CC269EC20356DF900942528 /* MyMapsTests.xctest */ = {isa = PBXFileReference; explicitFileType = wrapper.cfbundle; includeInIndex = 0; path = MyMapsTests.xctest; sourceTree = BUILT_PRODUCTS_DIR; };
		2CC269F020356DF900942528 /* MyMapsTests.swift */ = {isa = PBXFileReference; lastKnownFileType = sourcecode.swift; path = MyMapsTests.swift; sourceTree = "<group>"; };
		2CC269F220356DF900942528 /* Info.plist */ = {isa = PBXFileReference; lastKnownFileType = text.plist.xml; path = Info.plist; sourceTree = "<group>"; };
		2CC269F720356DF900942528 /* MyMapsUITests.xctest */ = {isa = PBXFileReference; explicitFileType = wrapper.cfbundle; includeInIndex = 0; path = MyMapsUITests.xctest; sourceTree = BUILT_PRODUCTS_DIR; };
		2CC269FB20356DF900942528 /* MyMapsUITests.swift */ = {isa = PBXFileReference; lastKnownFileType = sourcecode.swift; path = MyMapsUITests.swift; sourceTree = "<group>"; };
		2CC269FD20356DF900942528 /* Info.plist */ = {isa = PBXFileReference; lastKnownFileType = text.plist.xml; path = Info.plist; sourceTree = "<group>"; };
/* End PBXFileReference section */

/* Begin PBXFrameworksBuildPhase section */
		2CC269D520356DF900942528 /* Frameworks */ = {
			isa = PBXFrameworksBuildPhase;
			buildActionMask = 2147483647;
			files = (
			);
			runOnlyForDeploymentPostprocessing = 0;
		};
		2CC269E920356DF900942528 /* Frameworks */ = {
			isa = PBXFrameworksBuildPhase;
			buildActionMask = 2147483647;
			files = (
			);
			runOnlyForDeploymentPostprocessing = 0;
		};
		2CC269F420356DF900942528 /* Frameworks */ = {
			isa = PBXFrameworksBuildPhase;
			buildActionMask = 2147483647;
			files = (
			);
			runOnlyForDeploymentPostprocessing = 0;
		};
/* End PBXFrameworksBuildPhase section */

/* Begin PBXGroup section */
		2CC269CF20356DF900942528 = {
			isa = PBXGroup;
			children = (
				2CC269DA20356DF900942528 /* MyMaps */,
				2CC269EF20356DF900942528 /* MyMapsTests */,
				2CC269FA20356DF900942528 /* MyMapsUITests */,
				2CC269D920356DF900942528 /* Products */,
			);
			sourceTree = "<group>";
		};
		2CC269D920356DF900942528 /* Products */ = {
			isa = PBXGroup;
			children = (
				2CC269D820356DF900942528 /* MyMaps.app */,
				2CC269EC20356DF900942528 /* MyMapsTests.xctest */,
				2CC269F720356DF900942528 /* MyMapsUITests.xctest */,
			);
			name = Products;
			sourceTree = "<group>";
		};
		2CC269DA20356DF900942528 /* MyMaps */ = {
			isa = PBXGroup;
			children = (
				2CC269DB20356DF900942528 /* AppDelegate.swift */,
				2CC269DD20356DF900942528 /* ViewController.swift */,
				2CC269DF20356DF900942528 /* Main.storyboard */,
				2CC269E220356DF900942528 /* Assets.xcassets */,
				2CC269E420356DF900942528 /* LaunchScreen.storyboard */,
				2CC269E720356DF900942528 /* Info.plist */,
			);
			path = MyMaps;
			sourceTree = "<group>";
		};
		2CC269EF20356DF900942528 /* MyMapsTests */ = {
			isa = PBXGroup;
			children = (
				2CC269F020356DF900942528 /* MyMapsTests.swift */,
				2CC269F220356DF900942528 /* Info.plist */,
			);
			path = MyMapsTests;
			sourceTree = "<group>";
		};
		2CC269FA20356DF900942528 /* MyMapsUITests */ = {
			isa = PBXGroup;
			children = (
				2CC269FB20356DF900942528 /* MyMapsUITests.swift */,
				2CC269FD20356DF900942528 /* Info.plist */,
			);
			path = MyMapsUITests;
			sourceTree = "<group>";
		};
/* End PBXGroup section */

/* Begin PBXNativeTarget section */
		2CC269D720356DF900942528 /* MyMaps */ = {
			isa = PBXNativeTarget;
			buildConfigurationList = 2CC26A0020356DF900942528 /* Build configuration list for PBXNativeTarget "MyMaps" */;
			buildPhases = (
				2CC269D420356DF900942528 /* Sources */,
				2CC269D520356DF900942528 /* Frameworks */,
				2CC269D620356DF900942528 /* Resources */,
			);
			buildRules = (
			);
			dependencies = (
			);
			name = MyMaps;
			productName = MyMaps;
			productReference = 2CC269D820356DF900942528 /* MyMaps.app */;
			productType = "com.apple.product-type.application";
		};
		2CC269EB20356DF900942528 /* MyMapsTests */ = {
			isa = PBXNativeTarget;
			buildConfigurationList = 2CC26A0320356DF900942528 /* Build configuration list for PBXNativeTarget "MyMapsTests" */;
			buildPhases = (
				2CC269E820356DF900942528 /* Sources */,
				2CC269E920356DF900942528 /* Frameworks */,
				2CC269EA20356DF900942528 /* Resources */,
			);
			buildRules = (
			);
			dependencies = (
				2CC269EE20356DF900942528 /* PBXTargetDependency */,
			);
			name = MyMapsTests;
			productName = MyMapsTests;
			productReference = 2CC269EC20356DF900942528 /* MyMapsTests.xctest */;
			productType = "com.apple.product-type.bundle.unit-test";
		};
		2CC269F620356DF900942528 /* MyMapsUITests */ = {
			isa = PBXNativeTarget;
			buildConfigurationList = 2CC26A0620356DF900942528 /* Build configuration list for PBXNativeTarget "MyMapsUITests" */;
			buildPhases = (
				2CC269F320356DF900942528 /* Sources */,
				2CC269F420356DF900942528 /* Frameworks */,
				2CC269F520356DF900942528 /* Resources */,
			);
			buildRules = (
			);
			dependencies = (
				2CC269F920356DF900942528 /* PBXTargetDependency */,
			);
			name = MyMapsUITests;
			productName = MyMapsUITests;
			productReference = 2CC269F720356DF900942528 /* MyMapsUITests.xctest */;
			productType = "com.apple.product-type.bundle.ui-testing";
		};
/* End PBXNativeTarget section */

/* Begin PBXProject section */
		2CC269D020356DF900942528 /* Project object */ = {
			isa = PBXProject;
			attributes = {
				LastSwiftUpdateCheck = 0920;
				LastUpgradeCheck = 0920;
				ORGANIZATIONNAME = "Sanjeev Suman";
				TargetAttributes = {
					2CC269D720356DF900942528 = {
						CreatedOnToolsVersion = 9.2;
						ProvisioningStyle = Automatic;
					};
					2CC269EB20356DF900942528 = {
						CreatedOnToolsVersion = 9.2;
						ProvisioningStyle = Automatic;
						TestTargetID = 2CC269D720356DF900942528;
					};
					2CC269F620356DF900942528 = {
						CreatedOnToolsVersion = 9.2;
						ProvisioningStyle = Automatic;
						TestTargetID = 2CC269D720356DF900942528;
					};
				};
			};
			buildConfigurationList = 2CC269D320356DF900942528 /* Build configuration list for PBXProject "MyMaps" */;
			compatibilityVersion = "Xcode 8.0";
			developmentRegion = en;
			hasScannedForEncodings = 0;
			knownRegions = (
				en,
				Base,
			);
			mainGroup = 2CC269CF20356DF900942528;
			productRefGroup = 2CC269D920356DF900942528 /* Products */;
			projectDirPath = "";
			projectRoot = "";
			targets = (
				2CC269D720356DF900942528 /* MyMaps */,
				2CC269EB20356DF900942528 /* MyMapsTests */,
				2CC269F620356DF900942528 /* MyMapsUITests */,
			);
		};
/* End PBXProject section */

/* Begin PBXResourcesBuildPhase section */
		2CC269D620356DF900942528 /* Resources */ = {
			isa = PBXResourcesBuildPhase;
			buildActionMask = 2147483647;
			files = (
				2CC269E620356DF900942528 /* LaunchScreen.storyboard in Resources */,
				2CC269E320356DF900942528 /* Assets.xcassets in Resources */,
				2CC269E120356DF900942528 /* Main.storyboard in Resources */,
			);
			runOnlyForDeploymentPostprocessing = 0;
		};
		2CC269EA20356DF900942528 /* Resources */ = {
			isa = PBXResourcesBuildPhase;
			buildActionMask = 2147483647;
			files = (
			);
			runOnlyForDeploymentPostprocessing = 0;
		};
		2CC269F520356DF900942528 /* Resources */ = {
			isa = PBXResourcesBuildPhase;
			buildActionMask = 2147483647;
			files = (
			);
			runOnlyForDeploymentPostprocessing = 0;
		};
/* End PBXResourcesBuildPhase section */

/* Begin PBXSourcesBuildPhase section */
		2CC269D420356DF900942528 /* Sources */ = {
			isa = PBXSourcesBuildPhase;
			buildActionMask = 2147483647;
			files = (
				2CC269DE20356DF900942528 /* ViewController.swift in Sources */,
				2CC269DC20356DF900942528 /* AppDelegate.swift in Sources */,
			);
			runOnlyForDeploymentPostprocessing = 0;
		};
		2CC269E820356DF900942528 /* Sources */ = {
			isa = PBXSourcesBuildPhase;
			buildActionMask = 2147483647;
			files = (
				2CC269F120356DF900942528 /* MyMapsTests.swift in Sources */,
			);
			runOnlyForDeploymentPostprocessing = 0;
		};
		2CC269F320356DF900942528 /* Sources */ = {
			isa = PBXSourcesBuildPhase;
			buildActionMask = 2147483647;
			files = (
				2CC269FC20356DF900942528 /* MyMapsUITests.swift in Sources */,
			);
			runOnlyForDeploymentPostprocessing = 0;
		};
/* End PBXSourcesBuildPhase section */

/* Begin PBXTargetDependency section */
		2CC269EE20356DF900942528 /* PBXTargetDependency */ = {
			isa = PBXTargetDependency;
			target = 2CC269D720356DF900942528 /* MyMaps */;
			targetProxy = 2CC269ED20356DF900942528 /* PBXContainerItemProxy */;
		};
		2CC269F920356DF900942528 /* PBXTargetDependency */ = {
			isa = PBXTargetDependency;
			target = 2CC269D720356DF900942528 /* MyMaps */;
			targetProxy = 2CC269F820356DF900942528 /* PBXContainerItemProxy */;
		};
/* End PBXTargetDependency section */

/* Begin PBXVariantGroup section */
		2CC269DF20356DF900942528 /* Main.storyboard */ = {
			isa = PBXVariantGroup;
			children = (
				2CC269E020356DF900942528 /* Base */,
			);
			name = Main.storyboard;
			sourceTree = "<group>";
		};
		2CC269E420356DF900942528 /* LaunchScreen.storyboard */ = {
			isa = PBXVariantGroup;
			children = (
				2CC269E520356DF900942528 /* Base */,
			);
			name = LaunchScreen.storyboard;
			sourceTree = "<group>";
		};
/* End PBXVariantGroup section */

/* Begin XCBuildConfiguration section */
		2CC269FE20356DF900942528 /* Debug */ = {
			isa = XCBuildConfiguration;
			buildSettings = {
				ALWAYS_SEARCH_USER_PATHS = NO;
				CLANG_ANALYZER_NONNULL = YES;
				CLANG_ANALYZER_NUMBER_OBJECT_CONVERSION = YES_AGGRESSIVE;
				CLANG_CXX_LANGUAGE_STANDARD = "gnu++14";
				CLANG_CXX_LIBRARY = "libc++";
				CLANG_ENABLE_MODULES = YES;
				CLANG_ENABLE_OBJC_ARC = YES;
				CLANG_WARN_BLOCK_CAPTURE_AUTORELEASING = YES;
				CLANG_WARN_BOOL_CONVERSION = YES;
				CLANG_WARN_COMMA = YES;
				CLANG_WARN_CONSTANT_CONVERSION = YES;
				CLANG_WARN_DIRECT_OBJC_ISA_USAGE = YES_ERROR;
				CLANG_WARN_DOCUMENTATION_COMMENTS = YES;
				CLANG_WARN_EMPTY_BODY = YES;
				CLANG_WARN_ENUM_CONVERSION = YES;
				CLANG_WARN_INFINITE_RECURSION = YES;
				CLANG_WARN_INT_CONVERSION = YES;
				CLANG_WARN_NON_LITERAL_NULL_CONVERSION = YES;
				CLANG_WARN_OBJC_LITERAL_CONVERSION = YES;
				CLANG_WARN_OBJC_ROOT_CLASS = YES_ERROR;
				CLANG_WARN_RANGE_LOOP_ANALYSIS = YES;
				CLANG_WARN_STRICT_PROTOTYPES = YES;
				CLANG_WARN_SUSPICIOUS_MOVE = YES;
				CLANG_WARN_UNGUARDED_AVAILABILITY = YES_AGGRESSIVE;
				CLANG_WARN_UNREACHABLE_CODE = YES;
				CLANG_WARN__DUPLICATE_METHOD_MATCH = YES;
				CODE_SIGN_IDENTITY = "iPhone Developer";
				COPY_PHASE_STRIP = NO;
				DEBUG_INFORMATION_FORMAT = dwarf;
				ENABLE_STRICT_OBJC_MSGSEND = YES;
				ENABLE_TESTABILITY = YES;
				GCC_C_LANGUAGE_STANDARD = gnu11;
				GCC_DYNAMIC_NO_PIC = NO;
				GCC_NO_COMMON_BLOCKS = YES;
				GCC_OPTIMIZATION_LEVEL = 0;
				GCC_PREPROCESSOR_DEFINITIONS = (
					"DEBUG=1",
					"$(inherited)",
				);
				GCC_WARN_64_TO_32_BIT_CONVERSION = YES;
				GCC_WARN_ABOUT_RETURN_TYPE = YES_ERROR;
				GCC_WARN_UNDECLARED_SELECTOR = YES;
				GCC_WARN_UNINITIALIZED_AUTOS = YES_AGGRESSIVE;
				GCC_WARN_UNUSED_FUNCTION = YES;
				GCC_WARN_UNUSED_VARIABLE = YES;
				IPHONEOS_DEPLOYMENT_TARGET = 11.2;
				MTL_ENABLE_DEBUG_INFO = YES;
				ONLY_ACTIVE_ARCH = YES;
				SDKROOT = iphoneos;
				SWIFT_ACTIVE_COMPILATION_CONDITIONS = DEBUG;
				SWIFT_OPTIMIZATION_LEVEL = "-Onone";
			};
			name = Debug;
		};
		2CC269FF20356DF900942528 /* Release */ = {
			isa = XCBuildConfiguration;
			buildSettings = {
				ALWAYS_SEARCH_USER_PATHS = NO;
				CLANG_ANALYZER_NONNULL = YES;
				CLANG_ANALYZER_NUMBER_OBJECT_CONVERSION = YES_AGGRESSIVE;
				CLANG_CXX_LANGUAGE_STANDARD = "gnu++14";
				CLANG_CXX_LIBRARY = "libc++";
				CLANG_ENABLE_MODULES = YES;
				CLANG_ENABLE_OBJC_ARC = YES;
				CLANG_WARN_BLOCK_CAPTURE_AUTORELEASING = YES;
				CLANG_WARN_BOOL_CONVERSION = YES;
				CLANG_WARN_COMMA = YES;
				CLANG_WARN_CONSTANT_CONVERSION = YES;
				CLANG_WARN_DIRECT_OBJC_ISA_USAGE = YES_ERROR;
				CLANG_WARN_DOCUMENTATION_COMMENTS = YES;
				CLANG_WARN_EMPTY_BODY = YES;
				CLANG_WARN_ENUM_CONVERSION = YES;
				CLANG_WARN_INFINITE_RECURSION = YES;
				CLANG_WARN_INT_CONVERSION = YES;
				CLANG_WARN_NON_LITERAL_NULL_CONVERSION = YES;
				CLANG_WARN_OBJC_LITERAL_CONVERSION = YES;
				CLANG_WARN_OBJC_ROOT_CLASS = YES_ERROR;
				CLANG_WARN_RANGE_LOOP_ANALYSIS = YES;
				CLANG_WARN_STRICT_PROTOTYPES = YES;
				CLANG_WARN_SUSPICIOUS_MOVE = YES;
				CLANG_WARN_UNGUARDED_AVAILABILITY = YES_AGGRESSIVE;
				CLANG_WARN_UNREACHABLE_CODE = YES;
				CLANG_WARN__DUPLICATE_METHOD_MATCH = YES;
				CODE_SIGN_IDENTITY = "iPhone Developer";
				COPY_PHASE_STRIP = NO;
				DEBUG_INFORMATION_FORMAT = "dwarf-with-dsym";
				ENABLE_NS_ASSERTIONS = NO;
				ENABLE_STRICT_OBJC_MSGSEND = YES;
				GCC_C_LANGUAGE_STANDARD = gnu11;
				GCC_NO_COMMON_BLOCKS = YES;
				GCC_WARN_64_TO_32_BIT_CONVERSION = YES;
				GCC_WARN_ABOUT_RETURN_TYPE = YES_ERROR;
				GCC_WARN_UNDECLARED_SELECTOR = YES;
				GCC_WARN_UNINITIALIZED_AUTOS = YES_AGGRESSIVE;
				GCC_WARN_UNUSED_FUNCTION = YES;
				GCC_WARN_UNUSED_VARIABLE = YES;
				IPHONEOS_DEPLOYMENT_TARGET = 11.2;
				MTL_ENABLE_DEBUG_INFO = NO;
				SDKROOT = iphoneos;
				SWIFT_OPTIMIZATION_LEVEL = "-Owholemodule";
				VALIDATE_PRODUCT = YES;
			};
			name = Release;
		};
		2CC26A0120356DF900942528 /* Debug */ = {
			isa = XCBuildConfiguration;
			buildSettings = {
				ASSETCATALOG_COMPILER_APPICON_NAME = AppIcon;
				CODE_SIGN_STYLE = Automatic;
				DEVELOPMENT_TEAM = M75FU2FMPP;
				INFOPLIST_FILE = MyMaps/Info.plist;
				LD_RUNPATH_SEARCH_PATHS = "$(inherited) @executable_path/Frameworks";
				PRODUCT_BUNDLE_IDENTIFIER = com.sanjeev.MyMaps;
				PRODUCT_NAME = "$(TARGET_NAME)";
				SWIFT_VERSION = 4.0;
				TARGETED_DEVICE_FAMILY = "1,2";
			};
			name = Debug;
		};
		2CC26A0220356DF900942528 /* Release */ = {
			isa = XCBuildConfiguration;
			buildSettings = {
				ASSETCATALOG_COMPILER_APPICON_NAME = AppIcon;
				CODE_SIGN_STYLE = Automatic;
				DEVELOPMENT_TEAM = M75FU2FMPP;
				INFOPLIST_FILE = MyMaps/Info.plist;
				LD_RUNPATH_SEARCH_PATHS = "$(inherited) @executable_path/Frameworks";
				PRODUCT_BUNDLE_IDENTIFIER = com.sanjeev.MyMaps;
				PRODUCT_NAME = "$(TARGET_NAME)";
				SWIFT_VERSION = 4.0;
				TARGETED_DEVICE_FAMILY = "1,2";
			};
			name = Release;
		};
		2CC26A0420356DF900942528 /* Debug */ = {
			isa = XCBuildConfiguration;
			buildSettings = {
				ALWAYS_EMBED_SWIFT_STANDARD_LIBRARIES = YES;
				BUNDLE_LOADER = "$(TEST_HOST)";
				CODE_SIGN_STYLE = Automatic;
				DEVELOPMENT_TEAM = M75FU2FMPP;
				INFOPLIST_FILE = MyMapsTests/Info.plist;
				LD_RUNPATH_SEARCH_PATHS = "$(inherited) @executable_path/Frameworks @loader_path/Frameworks";
				PRODUCT_BUNDLE_IDENTIFIER = com.sanjeev.MyMapsTests;
				PRODUCT_NAME = "$(TARGET_NAME)";
				SWIFT_VERSION = 4.0;
				TARGETED_DEVICE_FAMILY = "1,2";
				TEST_HOST = "$(BUILT_PRODUCTS_DIR)/MyMaps.app/MyMaps";
			};
			name = Debug;
		};
		2CC26A0520356DF900942528 /* Release */ = {
			isa = XCBuildConfiguration;
			buildSettings = {
				ALWAYS_EMBED_SWIFT_STANDARD_LIBRARIES = YES;
				BUNDLE_LOADER = "$(TEST_HOST)";
				CODE_SIGN_STYLE = Automatic;
				DEVELOPMENT_TEAM = M75FU2FMPP;
				INFOPLIST_FILE = MyMapsTests/Info.plist;
				LD_RUNPATH_SEARCH_PATHS = "$(inherited) @executable_path/Frameworks @loader_path/Frameworks";
				PRODUCT_BUNDLE_IDENTIFIER = com.sanjeev.MyMapsTests;
				PRODUCT_NAME = "$(TARGET_NAME)";
				SWIFT_VERSION = 4.0;
				TARGETED_DEVICE_FAMILY = "1,2";
				TEST_HOST = "$(BUILT_PRODUCTS_DIR)/MyMaps.app/MyMaps";
			};
			name = Release;
		};
		2CC26A0720356DF900942528 /* Debug */ = {
			isa = XCBuildConfiguration;
			buildSettings = {
				ALWAYS_EMBED_SWIFT_STANDARD_LIBRARIES = YES;
				CODE_SIGN_STYLE = Automatic;
				DEVELOPMENT_TEAM = M75FU2FMPP;
				INFOPLIST_FILE = MyMapsUITests/Info.plist;
				LD_RUNPATH_SEARCH_PATHS = "$(inherited) @executable_path/Frameworks @loader_path/Frameworks";
				PRODUCT_BUNDLE_IDENTIFIER = com.sanjeev.MyMapsUITests;
				PRODUCT_NAME = "$(TARGET_NAME)";
				SWIFT_VERSION = 4.0;
				TARGETED_DEVICE_FAMILY = "1,2";
				TEST_TARGET_NAME = MyMaps;
			};
			name = Debug;
		};
		2CC26A0820356DF900942528 /* Release */ = {
			isa = XCBuildConfiguration;
			buildSettings = {
				ALWAYS_EMBED_SWIFT_STANDARD_LIBRARIES = YES;
				CODE_SIGN_STYLE = Automatic;
				DEVELOPMENT_TEAM = M75FU2FMPP;
				INFOPLIST_FILE = MyMapsUITests/Info.plist;
				LD_RUNPATH_SEARCH_PATHS = "$(inherited) @executable_path/Frameworks @loader_path/Frameworks";
				PRODUCT_BUNDLE_IDENTIFIER = com.sanjeev.MyMapsUITests;
				PRODUCT_NAME = "$(TARGET_NAME)";
				SWIFT_VERSION = 4.0;
				TARGETED_DEVICE_FAMILY = "1,2";
				TEST_TARGET_NAME = MyMaps;
			};
			name = Release;
		};
/* End XCBuildConfiguration section */

/* Begin XCConfigurationList section */
		2CC269D320356DF900942528 /* Build configuration list for PBXProject "MyMaps" */ = {
			isa = XCConfigurationList;
			buildConfigurations = (
				2CC269FE20356DF900942528 /* Debug */,
				2CC269FF20356DF900942528 /* Release */,
			);
			defaultConfigurationIsVisible = 0;
			defaultConfigurationName = Release;
		};
		2CC26A0020356DF900942528 /* Build configuration list for PBXNativeTarget "MyMaps" */ = {
			isa = XCConfigurationList;
			buildConfigurations = (
				2CC26A0120356DF900942528 /* Debug */,
				2CC26A0220356DF900942528 /* Release */,
			);
			defaultConfigurationIsVisible = 0;
			defaultConfigurationName = Release;
		};
		2CC26A0320356DF900942528 /* Build configuration list for PBXNativeTarget "MyMapsTests" */ = {
			isa = XCConfigurationList;
			buildConfigurations = (
				2CC26A0420356DF900942528 /* Debug */,
				2CC26A0520356DF900942528 /* Release */,
			);
			defaultConfigurationIsVisible = 0;
			defaultConfigurationName = Release;
		};
		2CC26A0620356DF900942528 /* Build configuration list for PBXNativeTarget "MyMapsUITests" */ = {
			isa = XCConfigurationList;
			buildConfigurations = (
				2CC26A0720356DF900942528 /* Debug */,
				2CC26A0820356DF900942528 /* Release */,
			);
			defaultConfigurationIsVisible = 0;
			defaultConfigurationName = Release;
		};
/* End XCConfigurationList section */
	};
	rootObject = 2CC269D020356DF900942528 /* Project object */;
}
